{
  "nodes": {
    "nixpkgs": {
      "locked": {
        "lastModified": 1748093839,
        "narHash": "sha256-jzjQJw/t1ZCvdW5WAYFVVir3fFQdJBARWrqquavAxBw=",
        "owner": "nixos",
        "repo": "nixpkgs",
        "rev": "a6c170910f3b1c264eef88d5b80f49f4a34c0a20",
        "type": "github"
      },
      "original": {
        "owner": "nixos",
        "repo": "nixpkgs",
        "type": "github"
      }
    },
    "root": {
      "inputs": {
        "nixpkgs": "nixpkgs"
      }
    }
  },
  "root": "root",
  "version": 7
}
